
Microsoft Visual Studio Solution File, Format Version 12.00
# Visual Studio Version 17
VisualStudioVersion = 17.13.35828.75 d17.13
MinimumVisualStudioVersion = 10.0.40219.1
Project("{8BC9CEB8-8B4A-11D0-8D11-00A0C91BC942}") = "number guessing game", "number guessing game\number guessing game.vcxproj", "{CD54696F-AB4E-49B9-81F3-46D08B166346}"
EndProject
Global
	GlobalSection(SolutionConfigurationPlatforms) = preSolution
		Debug|x64 = Debug|x64
		Debug|x86 = Debug|x86
		Release|x64 = Release|x64
		Release|x86 = Release|x86
	EndGlobalSection
	GlobalSection(ProjectConfigurationPlatforms) = postSolution
		{CD54696F-AB4E-49B9-81F3-46D08B166346}.Debug|x64.ActiveCfg = Debug|x64
		{CD54696F-AB4E-49B9-81F3-46D08B166346}.Debug|x64.Build.0 = Debug|x64
		{CD54696F-AB4E-49B9-81F3-46D08B166346}.Debug|x86.ActiveCfg = Debug|Win32
		{CD54696F-AB4E-49B9-81F3-46D08B166346}.Debug|x86.Build.0 = Debug|Win32
		{CD54696F-AB4E-49B9-81F3-46D08B166346}.Release|x64.ActiveCfg = Release|x64
		{CD54696F-AB4E-49B9-81F3-46D08B166346}.Release|x64.Build.0 = Release|x64
		{CD54696F-AB4E-49B9-81F3-46D08B166346}.Release|x86.ActiveCfg = Release|Win32
		{CD54696F-AB4E-49B9-81F3-46D08B166346}.Release|x86.Build.0 = Release|Win32
	EndGlobalSection
	GlobalSection(SolutionProperties) = preSolution
		HideSolutionNode = FALSE
	EndGlobalSection
	GlobalSection(ExtensibilityGlobals) = postSolution
		SolutionGuid = {D4D39835-BC7C-41FB-B1AE-6099E5FD6FB1}
	EndGlobalSection
EndGlobal
